
Microsoft Visual Studio Solution File, Format Version 12.00
# Visual Studio 15
VisualStudioVersion = 15.0.28010.2016
MinimumVisualStudioVersion = 10.0.40219.1
Project("{9A19103F-16F7-4668-BE54-9A1E7A4F7556}") = "Socks5Wrap", "Socks5Wrap\Socks5Wrap.csproj", "{56238BB7-E133-40A4-A146-0A8CB9BAD745}"
EndProject
Project("{FAE04EC0-301F-11D3-BF4B-00C04F79EFBC}") = "Socks5Wrap.ConsoleTest", "Socks5Wrap.ConsoleTest\Socks5Wrap.ConsoleTest.csproj", "{9ADAAAEA-C05C-4802-9781-1793BF906090}"
EndProject
Global
	GlobalSection(SolutionConfigurationPlatforms) = preSolution
		Debug|Any CPU = Debug|Any CPU
		Release|Any CPU = Release|Any CPU
	EndGlobalSection
	GlobalSection(ProjectConfigurationPlatforms) = postSolution
		{56238BB7-E133-40A4-A146-0A8CB9BAD745}.Debug|Any CPU.ActiveCfg = Debug|Any CPU
		{56238BB7-E133-40A4-A146-0A8CB9BAD745}.Debug|Any CPU.Build.0 = Debug|Any CPU
		{56238BB7-E133-40A4-A146-0A8CB9BAD745}.Release|Any CPU.ActiveCfg = Release|Any CPU
		{56238BB7-E133-40A4-A146-0A8CB9BAD745}.Release|Any CPU.Build.0 = Release|Any CPU
		{9ADAAAEA-C05C-4802-9781-1793BF906090}.Debug|Any CPU.ActiveCfg = Debug|Any CPU
		{9ADAAAEA-C05C-4802-9781-1793BF906090}.Debug|Any CPU.Build.0 = Debug|Any CPU
		{9ADAAAEA-C05C-4802-9781-1793BF906090}.Release|Any CPU.ActiveCfg = Release|Any CPU
		{9ADAAAEA-C05C-4802-9781-1793BF906090}.Release|Any CPU.Build.0 = Release|Any CPU
	EndGlobalSection
	GlobalSection(SolutionProperties) = preSolution
		HideSolutionNode = FALSE
	EndGlobalSection
	GlobalSection(ExtensibilityGlobals) = postSolution
		SolutionGuid = {2CF8C2FB-9116-48E8-A2CB-B0A96924F2DA}
	EndGlobalSection
EndGlobal
